
Microsoft Visual Studio Solution File, Format Version 12.00
# Visual Studio Version 17
VisualStudioVersion = 17.13.35806.99
MinimumVisualStudioVersion = 10.0.40219.1
Project("{2150E333-8FDC-42A3-9474-1A3956D46DE8}") = "Core", "Core", "{02EA681E-C7D8-13C7-8484-4AC65E1B71E8}"
EndProject
Project("{2150E333-8FDC-42A3-9474-1A3956D46DE8}") = "Frontends", "Frontends", "{A2944B61-910F-4EE9-BCC3-7D5B8A15A661}"
EndProject
Project("{2150E333-8FDC-42A3-9474-1A3956D46DE8}") = "Infrastructure", "Infrastructure", "{A47E096A-8E9D-42A7-BF54-B6D4D1A8718D}"
EndProject
Project("{2150E333-8FDC-42A3-9474-1A3956D46DE8}") = "Presentation", "Presentation", "{A15ED678-5E8A-458E-BFB4-5F368F19B95B}"
EndProject
Project("{2150E333-8FDC-42A3-9474-1A3956D46DE8}") = "Requirements", "Requirements", "{1DD0BE3E-CAE7-4274-8009-6E8FDC569525}"
EndProject
Project("{FAE04EC0-301F-11D3-BF4B-00C04F79EFBC}") = "MovieApi.Domain", "Core\MovieApi.Domain\MovieApi.Domain.csproj", "{4902CD89-2E63-4177-92E4-62E1BC211809}"
EndProject
Project("{FAE04EC0-301F-11D3-BF4B-00C04F79EFBC}") = "MovieApi.Persistence", "Infrastructure\MovieApi.Persistence\MovieApi.Persistence.csproj", "{F6612BAD-C7AC-448A-B4FD-B05F33C4A8A8}"
EndProject
Project("{FAE04EC0-301F-11D3-BF4B-00C04F79EFBC}") = "MovieApi.WebApi", "Presentation\MovieApi.WebApi\MovieApi.WebApi.csproj", "{A980CF1F-6C9E-453E-A582-E5CCEF147D42}"
EndProject
Project("{FAE04EC0-301F-11D3-BF4B-00C04F79EFBC}") = "MovieApi.Application", "Core\MovieApi.Application\MovieApi.Application.csproj", "{65F36C39-5BE2-4C6C-B2DD-96E8B2BAC803}"
EndProject
Global
	GlobalSection(SolutionConfigurationPlatforms) = preSolution
		Debug|Any CPU = Debug|Any CPU
		Release|Any CPU = Release|Any CPU
	EndGlobalSection
	GlobalSection(ProjectConfigurationPlatforms) = postSolution
		{4902CD89-2E63-4177-92E4-62E1BC211809}.Debug|Any CPU.ActiveCfg = Debug|Any CPU
		{4902CD89-2E63-4177-92E4-62E1BC211809}.Debug|Any CPU.Build.0 = Debug|Any CPU
		{4902CD89-2E63-4177-92E4-62E1BC211809}.Release|Any CPU.ActiveCfg = Release|Any CPU
		{4902CD89-2E63-4177-92E4-62E1BC211809}.Release|Any CPU.Build.0 = Release|Any CPU
		{F6612BAD-C7AC-448A-B4FD-B05F33C4A8A8}.Debug|Any CPU.ActiveCfg = Debug|Any CPU
		{F6612BAD-C7AC-448A-B4FD-B05F33C4A8A8}.Debug|Any CPU.Build.0 = Debug|Any CPU
		{F6612BAD-C7AC-448A-B4FD-B05F33C4A8A8}.Release|Any CPU.ActiveCfg = Release|Any CPU
		{F6612BAD-C7AC-448A-B4FD-B05F33C4A8A8}.Release|Any CPU.Build.0 = Release|Any CPU
		{A980CF1F-6C9E-453E-A582-E5CCEF147D42}.Debug|Any CPU.ActiveCfg = Debug|Any CPU
		{A980CF1F-6C9E-453E-A582-E5CCEF147D42}.Debug|Any CPU.Build.0 = Debug|Any CPU
		{A980CF1F-6C9E-453E-A582-E5CCEF147D42}.Release|Any CPU.ActiveCfg = Release|Any CPU
		{A980CF1F-6C9E-453E-A582-E5CCEF147D42}.Release|Any CPU.Build.0 = Release|Any CPU
		{65F36C39-5BE2-4C6C-B2DD-96E8B2BAC803}.Debug|Any CPU.ActiveCfg = Debug|Any CPU
		{65F36C39-5BE2-4C6C-B2DD-96E8B2BAC803}.Debug|Any CPU.Build.0 = Debug|Any CPU
		{65F36C39-5BE2-4C6C-B2DD-96E8B2BAC803}.Release|Any CPU.ActiveCfg = Release|Any CPU
		{65F36C39-5BE2-4C6C-B2DD-96E8B2BAC803}.Release|Any CPU.Build.0 = Release|Any CPU
	EndGlobalSection
	GlobalSection(SolutionProperties) = preSolution
		HideSolutionNode = FALSE
	EndGlobalSection
	GlobalSection(NestedProjects) = preSolution
		{4902CD89-2E63-4177-92E4-62E1BC211809} = {02EA681E-C7D8-13C7-8484-4AC65E1B71E8}
		{F6612BAD-C7AC-448A-B4FD-B05F33C4A8A8} = {A47E096A-8E9D-42A7-BF54-B6D4D1A8718D}
		{A980CF1F-6C9E-453E-A582-E5CCEF147D42} = {A15ED678-5E8A-458E-BFB4-5F368F19B95B}
		{65F36C39-5BE2-4C6C-B2DD-96E8B2BAC803} = {02EA681E-C7D8-13C7-8484-4AC65E1B71E8}
	EndGlobalSection
	GlobalSection(ExtensibilityGlobals) = postSolution
		SolutionGuid = {4CC34C93-5543-4CBB-A00B-3DAC3C9EBCFB}
	EndGlobalSection
EndGlobal
